// !$*UTF8*$!
{
	archiveVersion = 1;
	classes = {
	};
	objectVersion = 56;
	objects = {

/* Begin PBXBuildFile section */
		DB369064299E306700B76091 /* CodingTestHedvigApp.swift in Sources */ = {isa = PBXBuildFile; fileRef = DB369063299E306700B76091 /* CodingTestHedvigApp.swift */; };
		DB369068299E306800B76091 /* Assets.xcassets in Resources */ = {isa = PBXBuildFile; fileRef = DB369067299E306800B76091 /* Assets.xcassets */; };
		DB36906B299E306800B76091 /* Preview Assets.xcassets in Resources */ = {isa = PBXBuildFile; fileRef = DB36906A299E306800B76091 /* Preview Assets.xcassets */; };
		DB369075299E30CC00B76091 /* ProfileSearchView.swift in Sources */ = {isa = PBXBuildFile; fileRef = DB369074299E30CC00B76091 /* ProfileSearchView.swift */; };
		DB369078299E37BA00B76091 /* APIService.swift in Sources */ = {isa = PBXBuildFile; fileRef = DB369077299E37BA00B76091 /* APIService.swift */; };
		DB36907A299E3DCF00B76091 /* RepositoryDataModel.swift in Sources */ = {isa = PBXBuildFile; fileRef = DB369079299E3DCF00B76091 /* RepositoryDataModel.swift */; };
		DB36907C299E408300B76091 /* APICallState.swift in Sources */ = {isa = PBXBuildFile; fileRef = DB36907B299E408300B76091 /* APICallState.swift */; };
		DB369080299E6BF100B76091 /* RepositoryCardView.swift in Sources */ = {isa = PBXBuildFile; fileRef = DB36907F299E6BF100B76091 /* RepositoryCardView.swift */; };
		DB369082299E6D8400B76091 /* RepositoryDetailModel.swift in Sources */ = {isa = PBXBuildFile; fileRef = DB369081299E6D8400B76091 /* RepositoryDetailModel.swift */; };
		DB369084299E6DE300B76091 /* RepositoryResultsViewModel.swift in Sources */ = {isa = PBXBuildFile; fileRef = DB369083299E6DE300B76091 /* RepositoryResultsViewModel.swift */; };
		DB369089299ECB0900B76091 /* ProfileDataModel.swift in Sources */ = {isa = PBXBuildFile; fileRef = DB369088299ECB0900B76091 /* ProfileDataModel.swift */; };
		DB36908C299ECE4500B76091 /* RepositoryTitleView.swift in Sources */ = {isa = PBXBuildFile; fileRef = DB36908B299ECE4500B76091 /* RepositoryTitleView.swift */; };
		DB36908E299ECE4E00B76091 /* RepositoryDescriptionView.swift in Sources */ = {isa = PBXBuildFile; fileRef = DB36908D299ECE4E00B76091 /* RepositoryDescriptionView.swift */; };
		DB369090299ECE5C00B76091 /* RepositoryProfileAvatarView.swift in Sources */ = {isa = PBXBuildFile; fileRef = DB36908F299ECE5C00B76091 /* RepositoryProfileAvatarView.swift */; };
		DB369092299ECE6600B76091 /* RepositoryOwnerView.swift in Sources */ = {isa = PBXBuildFile; fileRef = DB369091299ECE6600B76091 /* RepositoryOwnerView.swift */; };
		DB369094299ECEFC00B76091 /* ViewRepositoryButtonView.swift in Sources */ = {isa = PBXBuildFile; fileRef = DB369093299ECEFC00B76091 /* ViewRepositoryButtonView.swift */; };
		DB369099299ED1B900B76091 /* LoadingIndicatorView.swift in Sources */ = {isa = PBXBuildFile; fileRef = DB369098299ED1B900B76091 /* LoadingIndicatorView.swift */; };
		DB3690A1299ED61400B76091 /* SearchInstructionView.swift in Sources */ = {isa = PBXBuildFile; fileRef = DB3690A0299ED61400B76091 /* SearchInstructionView.swift */; };
		DB3690A3299EDD8800B76091 /* ProfileResultsViewModel.swift in Sources */ = {isa = PBXBuildFile; fileRef = DB3690A2299EDD8800B76091 /* ProfileResultsViewModel.swift */; };
		DB3690A5299EDECB00B76091 /* ProfileDetailModel.swift in Sources */ = {isa = PBXBuildFile; fileRef = DB3690A4299EDECB00B76091 /* ProfileDetailModel.swift */; };
		DB3690A7299EE2C400B76091 /* ProfileCardView.swift in Sources */ = {isa = PBXBuildFile; fileRef = DB3690A6299EE2C400B76091 /* ProfileCardView.swift */; };
		DB3690AB299EF24700B76091 /* RepositoryListView.swift in Sources */ = {isa = PBXBuildFile; fileRef = DB3690AA299EF24700B76091 /* RepositoryListView.swift */; };
		DB3690AD299EF32000B76091 /* ViewStates.swift in Sources */ = {isa = PBXBuildFile; fileRef = DB3690AC299EF32000B76091 /* ViewStates.swift */; };
		DB3690AF299F7B5F00B76091 /* RepositoryWatchersView.swift in Sources */ = {isa = PBXBuildFile; fileRef = DB3690AE299F7B5F00B76091 /* RepositoryWatchersView.swift */; };
		DB3690B1299F7C6100B76091 /* ProfileAvatarView.swift in Sources */ = {isa = PBXBuildFile; fileRef = DB3690B0299F7C6100B76091 /* ProfileAvatarView.swift */; };
		DB3690B3299F7CA300B76091 /* ProfileUsernameView.swift in Sources */ = {isa = PBXBuildFile; fileRef = DB3690B2299F7CA300B76091 /* ProfileUsernameView.swift */; };
		DB3690B5299F7D0900B76091 /* ChevronIconViews.swift in Sources */ = {isa = PBXBuildFile; fileRef = DB3690B4299F7D0900B76091 /* ChevronIconViews.swift */; };
		DB3690B7299F7D4200B76091 /* ProfileTypeView.swift in Sources */ = {isa = PBXBuildFile; fileRef = DB3690B6299F7D4200B76091 /* ProfileTypeView.swift */; };
		DB3690BF299F828000B76091 /* NoResultView.swift in Sources */ = {isa = PBXBuildFile; fileRef = DB3690BE299F828000B76091 /* NoResultView.swift */; };
		DB3690C1299F84C800B76091 /* NoRepositoriesView.swift in Sources */ = {isa = PBXBuildFile; fileRef = DB3690C0299F84C800B76091 /* NoRepositoriesView.swift */; };
		DB3690C3299F87A600B76091 /* RepositoryToolbarSortMenu.swift in Sources */ = {isa = PBXBuildFile; fileRef = DB3690C2299F87A600B76091 /* RepositoryToolbarSortMenu.swift */; };
		DB3690C5299F8CF800B76091 /* SortActions.swift in Sources */ = {isa = PBXBuildFile; fileRef = DB3690C4299F8CF800B76091 /* SortActions.swift */; };
		DB3690C7299FAD1500B76091 /* InfinityScrollState.swift in Sources */ = {isa = PBXBuildFile; fileRef = DB3690C6299FAD1500B76091 /* InfinityScrollState.swift */; };
		DB3690CA299FDBEE00B76091 /* FilterBarState.swift in Sources */ = {isa = PBXBuildFile; fileRef = DB3690C9299FDBEE00B76091 /* FilterBarState.swift */; };
		DB3690CC299FDC5E00B76091 /* FilterBarView.swift in Sources */ = {isa = PBXBuildFile; fileRef = DB3690CB299FDC5E00B76091 /* FilterBarView.swift */; };
		DB3690CE299FE06800B76091 /* RepositoryListStateView.swift in Sources */ = {isa = PBXBuildFile; fileRef = DB3690CD299FE06800B76091 /* RepositoryListStateView.swift */; };
		DB3690D0299FE0E900B76091 /* RepositoryFilterStateView.swift in Sources */ = {isa = PBXBuildFile; fileRef = DB3690CF299FE0E900B76091 /* RepositoryFilterStateView.swift */; };
		DB3690D3299FE52600B76091 /* RepositoryScrollLoadingStateView.swift in Sources */ = {isa = PBXBuildFile; fileRef = DB3690D2299FE52600B76091 /* RepositoryScrollLoadingStateView.swift */; };
		DB3690DB299FF36B00B76091 /* PickedRepositoryViewModel.swift in Sources */ = {isa = PBXBuildFile; fileRef = DB3690DA299FF36B00B76091 /* PickedRepositoryViewModel.swift */; };
		DB3690DE299FF41300B76091 /* SingleRepositoryView.swift in Sources */ = {isa = PBXBuildFile; fileRef = DB3690DD299FF41300B76091 /* SingleRepositoryView.swift */; };
		DB3690E1299FF92300B76091 /* GitLangColors.json in Resources */ = {isa = PBXBuildFile; fileRef = DB3690E0299FF92300B76091 /* GitLangColors.json */; };
		DB3690E629A00E9400B76091 /* SingleRepositoryTitleView.swift in Sources */ = {isa = PBXBuildFile; fileRef = DB3690E529A00E9400B76091 /* SingleRepositoryTitleView.swift */; };
		DB3690E929A0142700B76091 /* SingleRepositoryOwnerView.swift in Sources */ = {isa = PBXBuildFile; fileRef = DB3690E829A0142700B76091 /* SingleRepositoryOwnerView.swift */; };
		DB3690EB29A0147B00B76091 /* SingleRepositoryStatsView.swift in Sources */ = {isa = PBXBuildFile; fileRef = DB3690EA29A0147B00B76091 /* SingleRepositoryStatsView.swift */; };
		DB3690ED29A0152D00B76091 /* SingleRepositoryDescriptionView.swift in Sources */ = {isa = PBXBuildFile; fileRef = DB3690EC29A0152D00B76091 /* SingleRepositoryDescriptionView.swift */; };
		DB3690EF29A0159700B76091 /* SingleRepositoryTextStatsView.swift in Sources */ = {isa = PBXBuildFile; fileRef = DB3690EE29A0159700B76091 /* SingleRepositoryTextStatsView.swift */; };
		DB3690F129A015D300B76091 /* SingleRepositoryReadmeView.swift in Sources */ = {isa = PBXBuildFile; fileRef = DB3690F029A015D300B76091 /* SingleRepositoryReadmeView.swift */; };
		DB3690F329A0160100B76091 /* SingleRepositoryLanguagesView.swift in Sources */ = {isa = PBXBuildFile; fileRef = DB3690F229A0160100B76091 /* SingleRepositoryLanguagesView.swift */; };
		DB3690F529A0163C00B76091 /* SingleRepositoryContributorsView.swift in Sources */ = {isa = PBXBuildFile; fileRef = DB3690F429A0163C00B76091 /* SingleRepositoryContributorsView.swift */; };
/* End PBXBuildFile section */

/* Begin PBXFileReference section */
		DB369060299E306700B76091 /* CodingTestHedvig.app */ = {isa = PBXFileReference; explicitFileType = wrapper.application; includeInIndex = 0; path = CodingTestHedvig.app; sourceTree = BUILT_PRODUCTS_DIR; };
		DB369063299E306700B76091 /* CodingTestHedvigApp.swift */ = {isa = PBXFileReference; lastKnownFileType = sourcecode.swift; path = CodingTestHedvigApp.swift; sourceTree = "<group>"; };
		DB369067299E306800B76091 /* Assets.xcassets */ = {isa = PBXFileReference; lastKnownFileType = folder.assetcatalog; path = Assets.xcassets; sourceTree = "<group>"; };
		DB36906A299E306800B76091 /* Preview Assets.xcassets */ = {isa = PBXFileReference; lastKnownFileType = folder.assetcatalog; path = "Preview Assets.xcassets"; sourceTree = "<group>"; };
		DB369074299E30CC00B76091 /* ProfileSearchView.swift */ = {isa = PBXFileReference; lastKnownFileType = sourcecode.swift; path = ProfileSearchView.swift; sourceTree = "<group>"; };
		DB369077299E37BA00B76091 /* APIService.swift */ = {isa = PBXFileReference; lastKnownFileType = sourcecode.swift; path = APIService.swift; sourceTree = "<group>"; };
		DB369079299E3DCF00B76091 /* RepositoryDataModel.swift */ = {isa = PBXFileReference; lastKnownFileType = sourcecode.swift; path = RepositoryDataModel.swift; sourceTree = "<group>"; };
		DB36907B299E408300B76091 /* APICallState.swift */ = {isa = PBXFileReference; lastKnownFileType = sourcecode.swift; path = APICallState.swift; sourceTree = "<group>"; };
		DB36907F299E6BF100B76091 /* RepositoryCardView.swift */ = {isa = PBXFileReference; lastKnownFileType = sourcecode.swift; path = RepositoryCardView.swift; sourceTree = "<group>"; };
		DB369081299E6D8400B76091 /* RepositoryDetailModel.swift */ = {isa = PBXFileReference; lastKnownFileType = sourcecode.swift; path = RepositoryDetailModel.swift; sourceTree = "<group>"; };
		DB369083299E6DE300B76091 /* RepositoryResultsViewModel.swift */ = {isa = PBXFileReference; lastKnownFileType = sourcecode.swift; path = RepositoryResultsViewModel.swift; sourceTree = "<group>"; };
		DB369088299ECB0900B76091 /* ProfileDataModel.swift */ = {isa = PBXFileReference; lastKnownFileType = sourcecode.swift; path = ProfileDataModel.swift; sourceTree = "<group>"; };
		DB36908B299ECE4500B76091 /* RepositoryTitleView.swift */ = {isa = PBXFileReference; lastKnownFileType = sourcecode.swift; path = RepositoryTitleView.swift; sourceTree = "<group>"; };
		DB36908D299ECE4E00B76091 /* RepositoryDescriptionView.swift */ = {isa = PBXFileReference; lastKnownFileType = sourcecode.swift; path = RepositoryDescriptionView.swift; sourceTree = "<group>"; };
		DB36908F299ECE5C00B76091 /* RepositoryProfileAvatarView.swift */ = {isa = PBXFileReference; lastKnownFileType = sourcecode.swift; path = RepositoryProfileAvatarView.swift; sourceTree = "<group>"; };
		DB369091299ECE6600B76091 /* RepositoryOwnerView.swift */ = {isa = PBXFileReference; lastKnownFileType = sourcecode.swift; path = RepositoryOwnerView.swift; sourceTree = "<group>"; };
		DB369093299ECEFC00B76091 /* ViewRepositoryButtonView.swift */ = {isa = PBXFileReference; lastKnownFileType = sourcecode.swift; path = ViewRepositoryButtonView.swift; sourceTree = "<group>"; };
		DB369098299ED1B900B76091 /* LoadingIndicatorView.swift */ = {isa = PBXFileReference; lastKnownFileType = sourcecode.swift; path = LoadingIndicatorView.swift; sourceTree = "<group>"; };
		DB3690A0299ED61400B76091 /* SearchInstructionView.swift */ = {isa = PBXFileReference; lastKnownFileType = sourcecode.swift; path = SearchInstructionView.swift; sourceTree = "<group>"; };
		DB3690A2299EDD8800B76091 /* ProfileResultsViewModel.swift */ = {isa = PBXFileReference; lastKnownFileType = sourcecode.swift; path = ProfileResultsViewModel.swift; sourceTree = "<group>"; };
		DB3690A4299EDECB00B76091 /* ProfileDetailModel.swift */ = {isa = PBXFileReference; lastKnownFileType = sourcecode.swift; path = ProfileDetailModel.swift; sourceTree = "<group>"; };
		DB3690A6299EE2C400B76091 /* ProfileCardView.swift */ = {isa = PBXFileReference; lastKnownFileType = sourcecode.swift; path = ProfileCardView.swift; sourceTree = "<group>"; };
		DB3690AA299EF24700B76091 /* RepositoryListView.swift */ = {isa = PBXFileReference; lastKnownFileType = sourcecode.swift; path = RepositoryListView.swift; sourceTree = "<group>"; };
		DB3690AC299EF32000B76091 /* ViewStates.swift */ = {isa = PBXFileReference; lastKnownFileType = sourcecode.swift; path = ViewStates.swift; sourceTree = "<group>"; };
		DB3690AE299F7B5F00B76091 /* RepositoryWatchersView.swift */ = {isa = PBXFileReference; lastKnownFileType = sourcecode.swift; path = RepositoryWatchersView.swift; sourceTree = "<group>"; };
		DB3690B0299F7C6100B76091 /* ProfileAvatarView.swift */ = {isa = PBXFileReference; lastKnownFileType = sourcecode.swift; path = ProfileAvatarView.swift; sourceTree = "<group>"; };
		DB3690B2299F7CA300B76091 /* ProfileUsernameView.swift */ = {isa = PBXFileReference; lastKnownFileType = sourcecode.swift; path = ProfileUsernameView.swift; sourceTree = "<group>"; };
		DB3690B4299F7D0900B76091 /* ChevronIconViews.swift */ = {isa = PBXFileReference; lastKnownFileType = sourcecode.swift; path = ChevronIconViews.swift; sourceTree = "<group>"; };
		DB3690B6299F7D4200B76091 /* ProfileTypeView.swift */ = {isa = PBXFileReference; lastKnownFileType = sourcecode.swift; path = ProfileTypeView.swift; sourceTree = "<group>"; };
		DB3690BE299F828000B76091 /* NoResultView.swift */ = {isa = PBXFileReference; lastKnownFileType = sourcecode.swift; path = NoResultView.swift; sourceTree = "<group>"; };
		DB3690C0299F84C800B76091 /* NoRepositoriesView.swift */ = {isa = PBXFileReference; lastKnownFileType = sourcecode.swift; path = NoRepositoriesView.swift; sourceTree = "<group>"; };
		DB3690C2299F87A600B76091 /* RepositoryToolbarSortMenu.swift */ = {isa = PBXFileReference; lastKnownFileType = sourcecode.swift; path = RepositoryToolbarSortMenu.swift; sourceTree = "<group>"; };
		DB3690C4299F8CF800B76091 /* SortActions.swift */ = {isa = PBXFileReference; lastKnownFileType = sourcecode.swift; path = SortActions.swift; sourceTree = "<group>"; };
		DB3690C6299FAD1500B76091 /* InfinityScrollState.swift */ = {isa = PBXFileReference; lastKnownFileType = sourcecode.swift; path = InfinityScrollState.swift; sourceTree = "<group>"; };
		DB3690C9299FDBEE00B76091 /* FilterBarState.swift */ = {isa = PBXFileReference; lastKnownFileType = sourcecode.swift; path = FilterBarState.swift; sourceTree = "<group>"; };
		DB3690CB299FDC5E00B76091 /* FilterBarView.swift */ = {isa = PBXFileReference; lastKnownFileType = sourcecode.swift; path = FilterBarView.swift; sourceTree = "<group>"; };
		DB3690CD299FE06800B76091 /* RepositoryListStateView.swift */ = {isa = PBXFileReference; lastKnownFileType = sourcecode.swift; path = RepositoryListStateView.swift; sourceTree = "<group>"; };
		DB3690CF299FE0E900B76091 /* RepositoryFilterStateView.swift */ = {isa = PBXFileReference; lastKnownFileType = sourcecode.swift; path = RepositoryFilterStateView.swift; sourceTree = "<group>"; };
		DB3690D2299FE52600B76091 /* RepositoryScrollLoadingStateView.swift */ = {isa = PBXFileReference; lastKnownFileType = sourcecode.swift; path = RepositoryScrollLoadingStateView.swift; sourceTree = "<group>"; };
		DB3690DA299FF36B00B76091 /* PickedRepositoryViewModel.swift */ = {isa = PBXFileReference; lastKnownFileType = sourcecode.swift; path = PickedRepositoryViewModel.swift; sourceTree = "<group>"; };
		DB3690DD299FF41300B76091 /* SingleRepositoryView.swift */ = {isa = PBXFileReference; lastKnownFileType = sourcecode.swift; path = SingleRepositoryView.swift; sourceTree = "<group>"; };
		DB3690E0299FF92300B76091 /* GitLangColors.json */ = {isa = PBXFileReference; fileEncoding = 4; lastKnownFileType = text.json; path = GitLangColors.json; sourceTree = "<group>"; };
		DB3690E529A00E9400B76091 /* SingleRepositoryTitleView.swift */ = {isa = PBXFileReference; lastKnownFileType = sourcecode.swift; path = SingleRepositoryTitleView.swift; sourceTree = "<group>"; };
		DB3690E829A0142700B76091 /* SingleRepositoryOwnerView.swift */ = {isa = PBXFileReference; lastKnownFileType = sourcecode.swift; path = SingleRepositoryOwnerView.swift; sourceTree = "<group>"; };
		DB3690EA29A0147B00B76091 /* SingleRepositoryStatsView.swift */ = {isa = PBXFileReference; lastKnownFileType = sourcecode.swift; path = SingleRepositoryStatsView.swift; sourceTree = "<group>"; };
		DB3690EC29A0152D00B76091 /* SingleRepositoryDescriptionView.swift */ = {isa = PBXFileReference; lastKnownFileType = sourcecode.swift; path = SingleRepositoryDescriptionView.swift; sourceTree = "<group>"; };
		DB3690EE29A0159700B76091 /* SingleRepositoryTextStatsView.swift */ = {isa = PBXFileReference; lastKnownFileType = sourcecode.swift; path = SingleRepositoryTextStatsView.swift; sourceTree = "<group>"; };
		DB3690F029A015D300B76091 /* SingleRepositoryReadmeView.swift */ = {isa = PBXFileReference; lastKnownFileType = sourcecode.swift; path = SingleRepositoryReadmeView.swift; sourceTree = "<group>"; };
		DB3690F229A0160100B76091 /* SingleRepositoryLanguagesView.swift */ = {isa = PBXFileReference; lastKnownFileType = sourcecode.swift; path = SingleRepositoryLanguagesView.swift; sourceTree = "<group>"; };
		DB3690F429A0163C00B76091 /* SingleRepositoryContributorsView.swift */ = {isa = PBXFileReference; lastKnownFileType = sourcecode.swift; path = SingleRepositoryContributorsView.swift; sourceTree = "<group>"; };
/* End PBXFileReference section */

/* Begin PBXFrameworksBuildPhase section */
		DB36905D299E306700B76091 /* Frameworks */ = {
			isa = PBXFrameworksBuildPhase;
			buildActionMask = 2147483647;
			files = (
			);
			runOnlyForDeploymentPostprocessing = 0;
		};
/* End PBXFrameworksBuildPhase section */

/* Begin PBXGroup section */
		DB369057299E306700B76091 = {
			isa = PBXGroup;
			children = (
				DB369062299E306700B76091 /* CodingTestHedvig */,
				DB369061299E306700B76091 /* Products */,
			);
			sourceTree = "<group>";
		};
		DB369061299E306700B76091 /* Products */ = {
			isa = PBXGroup;
			children = (
				DB369060299E306700B76091 /* CodingTestHedvig.app */,
			);
			name = Products;
			sourceTree = "<group>";
		};
		DB369062299E306700B76091 /* CodingTestHedvig */ = {
			isa = PBXGroup;
			children = (
				DB3690DF299FF8A900B76091 /* Misc */,
				DB369076299E33F500B76091 /* Utilities */,
				DB369073299E30AC00B76091 /* Models */,
				DB369072299E30A100B76091 /* ViewModels */,
				DB369071299E309B00B76091 /* Views */,
				DB369063299E306700B76091 /* CodingTestHedvigApp.swift */,
				DB369067299E306800B76091 /* Assets.xcassets */,
				DB369069299E306800B76091 /* Preview Content */,
			);
			path = CodingTestHedvig;
			sourceTree = "<group>";
		};
		DB369069299E306800B76091 /* Preview Content */ = {
			isa = PBXGroup;
			children = (
				DB36906A299E306800B76091 /* Preview Assets.xcassets */,
			);
			path = "Preview Content";
			sourceTree = "<group>";
		};
		DB369071299E309B00B76091 /* Views */ = {
			isa = PBXGroup;
			children = (
				DB3690E729A0137700B76091 /* Repository */,
				DB3690B8299F7DA900B76091 /* StaticViews */,
				DB369096299ED1A000B76091 /* Reusables */,
				DB369095299ED0FA00B76091 /* ProfileCardView */,
			);
			path = Views;
			sourceTree = "<group>";
		};
		DB369072299E30A100B76091 /* ViewModels */ = {
			isa = PBXGroup;
			children = (
				DB369083299E6DE300B76091 /* RepositoryResultsViewModel.swift */,
				DB3690A2299EDD8800B76091 /* ProfileResultsViewModel.swift */,
				DB3690DA299FF36B00B76091 /* PickedRepositoryViewModel.swift */,
			);
			path = ViewModels;
			sourceTree = "<group>";
		};
		DB369073299E30AC00B76091 /* Models */ = {
			isa = PBXGroup;
			children = (
				DB36909B299ED2EA00B76091 /* Enums */,
				DB36909A299ED2D700B76091 /* DataModels */,
			);
			path = Models;
			sourceTree = "<group>";
		};
		DB369076299E33F500B76091 /* Utilities */ = {
			isa = PBXGroup;
			children = (
				DB369077299E37BA00B76091 /* APIService.swift */,
			);
			path = Utilities;
			sourceTree = "<group>";
		};
		DB36908A299ECDFC00B76091 /* RepositoryCardView */ = {
			isa = PBXGroup;
			children = (
				DB3690B9299F7F4800B76091 /* MainView */,
				DB3690BA299F7F5500B76091 /* Compartments */,
			);
			path = RepositoryCardView;
			sourceTree = "<group>";
		};
		DB369095299ED0FA00B76091 /* ProfileCardView */ = {
			isa = PBXGroup;
			children = (
				DB3690BB299F7F7400B76091 /* MainView */,
				DB3690BC299F7F7900B76091 /* Compartments */,
			);
			path = ProfileCardView;
			sourceTree = "<group>";
		};
		DB369096299ED1A000B76091 /* Reusables */ = {
			isa = PBXGroup;
			children = (
				DB369098299ED1B900B76091 /* LoadingIndicatorView.swift */,
				DB3690B4299F7D0900B76091 /* ChevronIconViews.swift */,
			);
			path = Reusables;
			sourceTree = "<group>";
		};
		DB36909A299ED2D700B76091 /* DataModels */ = {
			isa = PBXGroup;
			children = (
				DB369088299ECB0900B76091 /* ProfileDataModel.swift */,
				DB369081299E6D8400B76091 /* RepositoryDetailModel.swift */,
				DB369079299E3DCF00B76091 /* RepositoryDataModel.swift */,
				DB3690A4299EDECB00B76091 /* ProfileDetailModel.swift */,
			);
			path = DataModels;
			sourceTree = "<group>";
		};
		DB36909B299ED2EA00B76091 /* Enums */ = {
			isa = PBXGroup;
			children = (
				DB36907B299E408300B76091 /* APICallState.swift */,
				DB3690AC299EF32000B76091 /* ViewStates.swift */,
				DB3690C4299F8CF800B76091 /* SortActions.swift */,
				DB3690C6299FAD1500B76091 /* InfinityScrollState.swift */,
				DB3690C9299FDBEE00B76091 /* FilterBarState.swift */,
			);
			path = Enums;
			sourceTree = "<group>";
		};
		DB3690B8299F7DA900B76091 /* StaticViews */ = {
			isa = PBXGroup;
			children = (
				DB3690A0299ED61400B76091 /* SearchInstructionView.swift */,
				DB3690BE299F828000B76091 /* NoResultView.swift */,
				DB3690C0299F84C800B76091 /* NoRepositoriesView.swift */,
			);
			path = StaticViews;
			sourceTree = "<group>";
		};
		DB3690B9299F7F4800B76091 /* MainView */ = {
			isa = PBXGroup;
			children = (
				DB3690AA299EF24700B76091 /* RepositoryListView.swift */,
				DB3690CD299FE06800B76091 /* RepositoryListStateView.swift */,
				DB3690D2299FE52600B76091 /* RepositoryScrollLoadingStateView.swift */,
				DB3690CF299FE0E900B76091 /* RepositoryFilterStateView.swift */,
			);
			path = MainView;
			sourceTree = "<group>";
		};
		DB3690BA299F7F5500B76091 /* Compartments */ = {
			isa = PBXGroup;
			children = (
				DB3690C8299FDB9800B76091 /* FilterBarView */,
				DB36907F299E6BF100B76091 /* RepositoryCardView.swift */,
				DB36908B299ECE4500B76091 /* RepositoryTitleView.swift */,
				DB36908D299ECE4E00B76091 /* RepositoryDescriptionView.swift */,
				DB36908F299ECE5C00B76091 /* RepositoryProfileAvatarView.swift */,
				DB369091299ECE6600B76091 /* RepositoryOwnerView.swift */,
				DB369093299ECEFC00B76091 /* ViewRepositoryButtonView.swift */,
				DB3690AE299F7B5F00B76091 /* RepositoryWatchersView.swift */,
				DB3690C2299F87A600B76091 /* RepositoryToolbarSortMenu.swift */,
			);
			path = Compartments;
			sourceTree = "<group>";
		};
		DB3690BB299F7F7400B76091 /* MainView */ = {
			isa = PBXGroup;
			children = (
				DB369074299E30CC00B76091 /* ProfileSearchView.swift */,
			);
			path = MainView;
			sourceTree = "<group>";
		};
		DB3690BC299F7F7900B76091 /* Compartments */ = {
			isa = PBXGroup;
			children = (
				DB3690A6299EE2C400B76091 /* ProfileCardView.swift */,
				DB3690B0299F7C6100B76091 /* ProfileAvatarView.swift */,
				DB3690B2299F7CA300B76091 /* ProfileUsernameView.swift */,
				DB3690B6299F7D4200B76091 /* ProfileTypeView.swift */,
			);
			path = Compartments;
			sourceTree = "<group>";
		};
		DB3690C8299FDB9800B76091 /* FilterBarView */ = {
			isa = PBXGroup;
			children = (
				DB3690CB299FDC5E00B76091 /* FilterBarView.swift */,
			);
			path = FilterBarView;
			sourceTree = "<group>";
		};
		DB3690DC299FF40500B76091 /* SingleRepositoryView */ = {
			isa = PBXGroup;
			children = (
				DB3690DD299FF41300B76091 /* SingleRepositoryView.swift */,
				DB3690E229A00E5D00B76091 /* Components */,
			);
			path = SingleRepositoryView;
			sourceTree = "<group>";
		};
		DB3690DF299FF8A900B76091 /* Misc */ = {
			isa = PBXGroup;
			children = (
				DB3690E0299FF92300B76091 /* GitLangColors.json */,
			);
			path = Misc;
			sourceTree = "<group>";
		};
		DB3690E229A00E5D00B76091 /* Components */ = {
			isa = PBXGroup;
			children = (
				DB3690E529A00E9400B76091 /* SingleRepositoryTitleView.swift */,
				DB3690E829A0142700B76091 /* SingleRepositoryOwnerView.swift */,
				DB3690EC29A0152D00B76091 /* SingleRepositoryDescriptionView.swift */,
				DB3690EA29A0147B00B76091 /* SingleRepositoryStatsView.swift */,
				DB3690F429A0163C00B76091 /* SingleRepositoryContributorsView.swift */,
				DB3690F229A0160100B76091 /* SingleRepositoryLanguagesView.swift */,
				DB3690F029A015D300B76091 /* SingleRepositoryReadmeView.swift */,
				DB3690EE29A0159700B76091 /* SingleRepositoryTextStatsView.swift */,
			);
			path = Components;
			sourceTree = "<group>";
		};
		DB3690E729A0137700B76091 /* Repository */ = {
			isa = PBXGroup;
			children = (
				DB3690DC299FF40500B76091 /* SingleRepositoryView */,
				DB36908A299ECDFC00B76091 /* RepositoryCardView */,
			);
			path = Repository;
			sourceTree = "<group>";
		};
/* End PBXGroup section */

/* Begin PBXNativeTarget section */
		DB36905F299E306700B76091 /* CodingTestHedvig */ = {
			isa = PBXNativeTarget;
			buildConfigurationList = DB36906E299E306800B76091 /* Build configuration list for PBXNativeTarget "CodingTestHedvig" */;
			buildPhases = (
				DB36905C299E306700B76091 /* Sources */,
				DB36905D299E306700B76091 /* Frameworks */,
				DB36905E299E306700B76091 /* Resources */,
			);
			buildRules = (
			);
			dependencies = (
			);
			name = CodingTestHedvig;
			productName = CodingTestHedvig;
			productReference = DB369060299E306700B76091 /* CodingTestHedvig.app */;
			productType = "com.apple.product-type.application";
		};
/* End PBXNativeTarget section */

/* Begin PBXProject section */
		DB369058299E306700B76091 /* Project object */ = {
			isa = PBXProject;
			attributes = {
				BuildIndependentTargetsInParallel = 1;
				LastSwiftUpdateCheck = 1420;
				LastUpgradeCheck = 1420;
				TargetAttributes = {
					DB36905F299E306700B76091 = {
						CreatedOnToolsVersion = 14.2;
					};
				};
			};
			buildConfigurationList = DB36905B299E306700B76091 /* Build configuration list for PBXProject "CodingTestHedvig" */;
			compatibilityVersion = "Xcode 14.0";
			developmentRegion = en;
			hasScannedForEncodings = 0;
			knownRegions = (
				en,
				Base,
			);
			mainGroup = DB369057299E306700B76091;
			productRefGroup = DB369061299E306700B76091 /* Products */;
			projectDirPath = "";
			projectRoot = "";
			targets = (
				DB36905F299E306700B76091 /* CodingTestHedvig */,
			);
		};
/* End PBXProject section */

/* Begin PBXResourcesBuildPhase section */
		DB36905E299E306700B76091 /* Resources */ = {
			isa = PBXResourcesBuildPhase;
			buildActionMask = 2147483647;
			files = (
				DB36906B299E306800B76091 /* Preview Assets.xcassets in Resources */,
				DB369068299E306800B76091 /* Assets.xcassets in Resources */,
				DB3690E1299FF92300B76091 /* GitLangColors.json in Resources */,
			);
			runOnlyForDeploymentPostprocessing = 0;
		};
/* End PBXResourcesBuildPhase section */

/* Begin PBXSourcesBuildPhase section */
		DB36905C299E306700B76091 /* Sources */ = {
			isa = PBXSourcesBuildPhase;
			buildActionMask = 2147483647;
			files = (
				DB36908E299ECE4E00B76091 /* RepositoryDescriptionView.swift in Sources */,
				DB3690F329A0160100B76091 /* SingleRepositoryLanguagesView.swift in Sources */,
				DB3690B1299F7C6100B76091 /* ProfileAvatarView.swift in Sources */,
				DB3690E629A00E9400B76091 /* SingleRepositoryTitleView.swift in Sources */,
				DB3690AF299F7B5F00B76091 /* RepositoryWatchersView.swift in Sources */,
				DB3690C5299F8CF800B76091 /* SortActions.swift in Sources */,
				DB369089299ECB0900B76091 /* ProfileDataModel.swift in Sources */,
				DB36907C299E408300B76091 /* APICallState.swift in Sources */,
				DB3690C7299FAD1500B76091 /* InfinityScrollState.swift in Sources */,
				DB3690CC299FDC5E00B76091 /* FilterBarView.swift in Sources */,
				DB3690DB299FF36B00B76091 /* PickedRepositoryViewModel.swift in Sources */,
				DB3690EB29A0147B00B76091 /* SingleRepositoryStatsView.swift in Sources */,
				DB3690E929A0142700B76091 /* SingleRepositoryOwnerView.swift in Sources */,
				DB369094299ECEFC00B76091 /* ViewRepositoryButtonView.swift in Sources */,
				DB369092299ECE6600B76091 /* RepositoryOwnerView.swift in Sources */,
				DB369075299E30CC00B76091 /* ProfileSearchView.swift in Sources */,
				DB369099299ED1B900B76091 /* LoadingIndicatorView.swift in Sources */,
				DB3690CA299FDBEE00B76091 /* FilterBarState.swift in Sources */,
				DB3690F529A0163C00B76091 /* SingleRepositoryContributorsView.swift in Sources */,
				DB369080299E6BF100B76091 /* RepositoryCardView.swift in Sources */,
				DB369078299E37BA00B76091 /* APIService.swift in Sources */,
				DB3690C1299F84C800B76091 /* NoRepositoriesView.swift in Sources */,
				DB3690D0299FE0E900B76091 /* RepositoryFilterStateView.swift in Sources */,
				DB3690CE299FE06800B76091 /* RepositoryListStateView.swift in Sources */,
				DB3690D3299FE52600B76091 /* RepositoryScrollLoadingStateView.swift in Sources */,
				DB3690AB299EF24700B76091 /* RepositoryListView.swift in Sources */,
				DB369082299E6D8400B76091 /* RepositoryDetailModel.swift in Sources */,
				DB3690A7299EE2C400B76091 /* ProfileCardView.swift in Sources */,
				DB3690AD299EF32000B76091 /* ViewStates.swift in Sources */,
				DB3690EF29A0159700B76091 /* SingleRepositoryTextStatsView.swift in Sources */,
				DB3690F129A015D300B76091 /* SingleRepositoryReadmeView.swift in Sources */,
				DB369064299E306700B76091 /* CodingTestHedvigApp.swift in Sources */,
				DB3690B3299F7CA300B76091 /* ProfileUsernameView.swift in Sources */,
				DB36907A299E3DCF00B76091 /* RepositoryDataModel.swift in Sources */,
				DB3690B5299F7D0900B76091 /* ChevronIconViews.swift in Sources */,
				DB3690ED29A0152D00B76091 /* SingleRepositoryDescriptionView.swift in Sources */,
				DB3690A1299ED61400B76091 /* SearchInstructionView.swift in Sources */,
				DB3690A5299EDECB00B76091 /* ProfileDetailModel.swift in Sources */,
				DB3690DE299FF41300B76091 /* SingleRepositoryView.swift in Sources */,
				DB369090299ECE5C00B76091 /* RepositoryProfileAvatarView.swift in Sources */,
				DB3690BF299F828000B76091 /* NoResultView.swift in Sources */,
				DB3690B7299F7D4200B76091 /* ProfileTypeView.swift in Sources */,
				DB3690C3299F87A600B76091 /* RepositoryToolbarSortMenu.swift in Sources */,
				DB3690A3299EDD8800B76091 /* ProfileResultsViewModel.swift in Sources */,
				DB369084299E6DE300B76091 /* RepositoryResultsViewModel.swift in Sources */,
				DB36908C299ECE4500B76091 /* RepositoryTitleView.swift in Sources */,
			);
			runOnlyForDeploymentPostprocessing = 0;
		};
/* End PBXSourcesBuildPhase section */

/* Begin XCBuildConfiguration section */
		DB36906C299E306800B76091 /* Debug */ = {
			isa = XCBuildConfiguration;
			buildSettings = {
				ALWAYS_SEARCH_USER_PATHS = NO;
				CLANG_ANALYZER_NONNULL = YES;
				CLANG_ANALYZER_NUMBER_OBJECT_CONVERSION = YES_AGGRESSIVE;
				CLANG_CXX_LANGUAGE_STANDARD = "gnu++20";
				CLANG_ENABLE_MODULES = YES;
				CLANG_ENABLE_OBJC_ARC = YES;
				CLANG_ENABLE_OBJC_WEAK = YES;
				CLANG_WARN_BLOCK_CAPTURE_AUTORELEASING = YES;
				CLANG_WARN_BOOL_CONVERSION = YES;
				CLANG_WARN_COMMA = YES;
				CLANG_WARN_CONSTANT_CONVERSION = YES;
				CLANG_WARN_DEPRECATED_OBJC_IMPLEMENTATIONS = YES;
				CLANG_WARN_DIRECT_OBJC_ISA_USAGE = YES_ERROR;
				CLANG_WARN_DOCUMENTATION_COMMENTS = YES;
				CLANG_WARN_EMPTY_BODY = YES;
				CLANG_WARN_ENUM_CONVERSION = YES;
				CLANG_WARN_INFINITE_RECURSION = YES;
				CLANG_WARN_INT_CONVERSION = YES;
				CLANG_WARN_NON_LITERAL_NULL_CONVERSION = YES;
				CLANG_WARN_OBJC_IMPLICIT_RETAIN_SELF = YES;
				CLANG_WARN_OBJC_LITERAL_CONVERSION = YES;
				CLANG_WARN_OBJC_ROOT_CLASS = YES_ERROR;
				CLANG_WARN_QUOTED_INCLUDE_IN_FRAMEWORK_HEADER = YES;
				CLANG_WARN_RANGE_LOOP_ANALYSIS = YES;
				CLANG_WARN_STRICT_PROTOTYPES = YES;
				CLANG_WARN_SUSPICIOUS_MOVE = YES;
				CLANG_WARN_UNGUARDED_AVAILABILITY = YES_AGGRESSIVE;
				CLANG_WARN_UNREACHABLE_CODE = YES;
				CLANG_WARN__DUPLICATE_METHOD_MATCH = YES;
				COPY_PHASE_STRIP = NO;
				DEBUG_INFORMATION_FORMAT = dwarf;
				ENABLE_STRICT_OBJC_MSGSEND = YES;
				ENABLE_TESTABILITY = YES;
				GCC_C_LANGUAGE_STANDARD = gnu11;
				GCC_DYNAMIC_NO_PIC = NO;
				GCC_NO_COMMON_BLOCKS = YES;
				GCC_OPTIMIZATION_LEVEL = 0;
				GCC_PREPROCESSOR_DEFINITIONS = (
					"DEBUG=1",
					"$(inherited)",
				);
				GCC_WARN_64_TO_32_BIT_CONVERSION = YES;
				GCC_WARN_ABOUT_RETURN_TYPE = YES_ERROR;
				GCC_WARN_UNDECLARED_SELECTOR = YES;
				GCC_WARN_UNINITIALIZED_AUTOS = YES_AGGRESSIVE;
				GCC_WARN_UNUSED_FUNCTION = YES;
				GCC_WARN_UNUSED_VARIABLE = YES;
				IPHONEOS_DEPLOYMENT_TARGET = 16.2;
				MTL_ENABLE_DEBUG_INFO = INCLUDE_SOURCE;
				MTL_FAST_MATH = YES;
				ONLY_ACTIVE_ARCH = YES;
				SDKROOT = iphoneos;
				SWIFT_ACTIVE_COMPILATION_CONDITIONS = DEBUG;
				SWIFT_OPTIMIZATION_LEVEL = "-Onone";
			};
			name = Debug;
		};
		DB36906D299E306800B76091 /* Release */ = {
			isa = XCBuildConfiguration;
			buildSettings = {
				ALWAYS_SEARCH_USER_PATHS = NO;
				CLANG_ANALYZER_NONNULL = YES;
				CLANG_ANALYZER_NUMBER_OBJECT_CONVERSION = YES_AGGRESSIVE;
				CLANG_CXX_LANGUAGE_STANDARD = "gnu++20";
				CLANG_ENABLE_MODULES = YES;
				CLANG_ENABLE_OBJC_ARC = YES;
				CLANG_ENABLE_OBJC_WEAK = YES;
				CLANG_WARN_BLOCK_CAPTURE_AUTORELEASING = YES;
				CLANG_WARN_BOOL_CONVERSION = YES;
				CLANG_WARN_COMMA = YES;
				CLANG_WARN_CONSTANT_CONVERSION = YES;
				CLANG_WARN_DEPRECATED_OBJC_IMPLEMENTATIONS = YES;
				CLANG_WARN_DIRECT_OBJC_ISA_USAGE = YES_ERROR;
				CLANG_WARN_DOCUMENTATION_COMMENTS = YES;
				CLANG_WARN_EMPTY_BODY = YES;
				CLANG_WARN_ENUM_CONVERSION = YES;
				CLANG_WARN_INFINITE_RECURSION = YES;
				CLANG_WARN_INT_CONVERSION = YES;
				CLANG_WARN_NON_LITERAL_NULL_CONVERSION = YES;
				CLANG_WARN_OBJC_IMPLICIT_RETAIN_SELF = YES;
				CLANG_WARN_OBJC_LITERAL_CONVERSION = YES;
				CLANG_WARN_OBJC_ROOT_CLASS = YES_ERROR;
				CLANG_WARN_QUOTED_INCLUDE_IN_FRAMEWORK_HEADER = YES;
				CLANG_WARN_RANGE_LOOP_ANALYSIS = YES;
				CLANG_WARN_STRICT_PROTOTYPES = YES;
				CLANG_WARN_SUSPICIOUS_MOVE = YES;
				CLANG_WARN_UNGUARDED_AVAILABILITY = YES_AGGRESSIVE;
				CLANG_WARN_UNREACHABLE_CODE = YES;
				CLANG_WARN__DUPLICATE_METHOD_MATCH = YES;
				COPY_PHASE_STRIP = NO;
				DEBUG_INFORMATION_FORMAT = "dwarf-with-dsym";
				ENABLE_NS_ASSERTIONS = NO;
				ENABLE_STRICT_OBJC_MSGSEND = YES;
				GCC_C_LANGUAGE_STANDARD = gnu11;
				GCC_NO_COMMON_BLOCKS = YES;
				GCC_WARN_64_TO_32_BIT_CONVERSION = YES;
				GCC_WARN_ABOUT_RETURN_TYPE = YES_ERROR;
				GCC_WARN_UNDECLARED_SELECTOR = YES;
				GCC_WARN_UNINITIALIZED_AUTOS = YES_AGGRESSIVE;
				GCC_WARN_UNUSED_FUNCTION = YES;
				GCC_WARN_UNUSED_VARIABLE = YES;
				IPHONEOS_DEPLOYMENT_TARGET = 16.2;
				MTL_ENABLE_DEBUG_INFO = NO;
				MTL_FAST_MATH = YES;
				SDKROOT = iphoneos;
				SWIFT_COMPILATION_MODE = wholemodule;
				SWIFT_OPTIMIZATION_LEVEL = "-O";
				VALIDATE_PRODUCT = YES;
			};
			name = Release;
		};
		DB36906F299E306800B76091 /* Debug */ = {
			isa = XCBuildConfiguration;
			buildSettings = {
				ASSETCATALOG_COMPILER_APPICON_NAME = AppIcon;
				ASSETCATALOG_COMPILER_GLOBAL_ACCENT_COLOR_NAME = AccentColor;
				CODE_SIGN_STYLE = Automatic;
				CURRENT_PROJECT_VERSION = 1;
				DEVELOPMENT_ASSET_PATHS = "\"CodingTestHedvig/Preview Content\"";
				DEVELOPMENT_TEAM = M46F4B7U6P;
				ENABLE_PREVIEWS = YES;
				GENERATE_INFOPLIST_FILE = YES;
				INFOPLIST_KEY_UIApplicationSceneManifest_Generation = YES;
				INFOPLIST_KEY_UIApplicationSupportsIndirectInputEvents = YES;
				INFOPLIST_KEY_UILaunchScreen_Generation = YES;
				INFOPLIST_KEY_UISupportedInterfaceOrientations_iPad = "UIInterfaceOrientationPortrait UIInterfaceOrientationPortraitUpsideDown UIInterfaceOrientationLandscapeLeft UIInterfaceOrientationLandscapeRight";
				INFOPLIST_KEY_UISupportedInterfaceOrientations_iPhone = "UIInterfaceOrientationPortrait UIInterfaceOrientationLandscapeLeft UIInterfaceOrientationLandscapeRight";
				LD_RUNPATH_SEARCH_PATHS = (
					"$(inherited)",
					"@executable_path/Frameworks",
				);
				MARKETING_VERSION = 1.0;
				PRODUCT_BUNDLE_IDENTIFIER = com.davidmansourian.CodingTestHedvig;
				PRODUCT_NAME = "$(TARGET_NAME)";
				SWIFT_EMIT_LOC_STRINGS = YES;
				SWIFT_VERSION = 5.0;
				TARGETED_DEVICE_FAMILY = "1,2";
			};
			name = Debug;
		};
		DB369070299E306800B76091 /* Release */ = {
			isa = XCBuildConfiguration;
			buildSettings = {
				ASSETCATALOG_COMPILER_APPICON_NAME = AppIcon;
				ASSETCATALOG_COMPILER_GLOBAL_ACCENT_COLOR_NAME = AccentColor;
				CODE_SIGN_STYLE = Automatic;
				CURRENT_PROJECT_VERSION = 1;
				DEVELOPMENT_ASSET_PATHS = "\"CodingTestHedvig/Preview Content\"";
				DEVELOPMENT_TEAM = M46F4B7U6P;
				ENABLE_PREVIEWS = YES;
				GENERATE_INFOPLIST_FILE = YES;
				INFOPLIST_KEY_UIApplicationSceneManifest_Generation = YES;
				INFOPLIST_KEY_UIApplicationSupportsIndirectInputEvents = YES;
				INFOPLIST_KEY_UILaunchScreen_Generation = YES;
				INFOPLIST_KEY_UISupportedInterfaceOrientations_iPad = "UIInterfaceOrientationPortrait UIInterfaceOrientationPortraitUpsideDown UIInterfaceOrientationLandscapeLeft UIInterfaceOrientationLandscapeRight";
				INFOPLIST_KEY_UISupportedInterfaceOrientations_iPhone = "UIInterfaceOrientationPortrait UIInterfaceOrientationLandscapeLeft UIInterfaceOrientationLandscapeRight";
				LD_RUNPATH_SEARCH_PATHS = (
					"$(inherited)",
					"@executable_path/Frameworks",
				);
				MARKETING_VERSION = 1.0;
				PRODUCT_BUNDLE_IDENTIFIER = com.davidmansourian.CodingTestHedvig;
				PRODUCT_NAME = "$(TARGET_NAME)";
				SWIFT_EMIT_LOC_STRINGS = YES;
				SWIFT_VERSION = 5.0;
				TARGETED_DEVICE_FAMILY = "1,2";
			};
			name = Release;
		};
/* End XCBuildConfiguration section */

/* Begin XCConfigurationList section */
		DB36905B299E306700B76091 /* Build configuration list for PBXProject "CodingTestHedvig" */ = {
			isa = XCConfigurationList;
			buildConfigurations = (
				DB36906C299E306800B76091 /* Debug */,
				DB36906D299E306800B76091 /* Release */,
			);
			defaultConfigurationIsVisible = 0;
			defaultConfigurationName = Release;
		};
		DB36906E299E306800B76091 /* Build configuration list for PBXNativeTarget "CodingTestHedvig" */ = {
			isa = XCConfigurationList;
			buildConfigurations = (
				DB36906F299E306800B76091 /* Debug */,
				DB369070299E306800B76091 /* Release */,
			);
			defaultConfigurationIsVisible = 0;
			defaultConfigurationName = Release;
		};
/* End XCConfigurationList section */
	};
	rootObject = DB369058299E306700B76091 /* Project object */;
}
